// !$*UTF8*$!
{
	archiveVersion = 1;
	classes = {
	};
	objectVersion = 56;
	objects = {

/* Begin PBXBuildFile section */
		274177F929C7BCCC00857311 /* MealsState.swift in Sources */ = {isa = PBXBuildFile; fileRef = 274177F829C7BCCC00857311 /* MealsState.swift */; };
		644CC52F29C28D09001ADC49 /* Assets.xcassets in Resources */ = {isa = PBXBuildFile; fileRef = 644CC52E29C28D09001ADC49 /* Assets.xcassets */; };
		644CC53229C28D09001ADC49 /* Preview Assets.xcassets in Resources */ = {isa = PBXBuildFile; fileRef = 644CC53129C28D09001ADC49 /* Preview Assets.xcassets */; };
		644CC53C29C28D09001ADC49 /* YumzTests.swift in Sources */ = {isa = PBXBuildFile; fileRef = 644CC53B29C28D09001ADC49 /* YumzTests.swift */; };
		644CC54629C28D09001ADC49 /* YumzUITests.swift in Sources */ = {isa = PBXBuildFile; fileRef = 644CC54529C28D09001ADC49 /* YumzUITests.swift */; };
		644CC54829C28D09001ADC49 /* YumzUITestsLaunchTests.swift in Sources */ = {isa = PBXBuildFile; fileRef = 644CC54729C28D09001ADC49 /* YumzUITestsLaunchTests.swift */; };
		644CC55C29C28E71001ADC49 /* Yumz.swift in Sources */ = {isa = PBXBuildFile; fileRef = 644CC55B29C28E71001ADC49 /* Yumz.swift */; };
		644CC55E29C28E9E001ADC49 /* MealsMainView.swift in Sources */ = {isa = PBXBuildFile; fileRef = 644CC55D29C28E9E001ADC49 /* MealsMainView.swift */; };
		644CC56029C28ED7001ADC49 /* MealsStateStore.swift in Sources */ = {isa = PBXBuildFile; fileRef = 644CC55F29C28ED7001ADC49 /* MealsStateStore.swift */; };
		644CC56229C28F58001ADC49 /* MealsFetchDependencyContainer.swift in Sources */ = {isa = PBXBuildFile; fileRef = 644CC56129C28F58001ADC49 /* MealsFetchDependencyContainer.swift */; };
		644CC56529C28FC9001ADC49 /* MealsUseCase.swift in Sources */ = {isa = PBXBuildFile; fileRef = 644CC56429C28FC9001ADC49 /* MealsUseCase.swift */; };
		644CC56829C290C7001ADC49 /* MealsRemoteAPI.swift in Sources */ = {isa = PBXBuildFile; fileRef = 644CC56729C290C7001ADC49 /* MealsRemoteAPI.swift */; };
		644CC56D29C29198001ADC49 /* ErrorMessage.swift in Sources */ = {isa = PBXBuildFile; fileRef = 644CC56C29C29198001ADC49 /* ErrorMessage.swift */; };
		644CC57029C295DE001ADC49 /* Meal.swift in Sources */ = {isa = PBXBuildFile; fileRef = 644CC56F29C295DE001ADC49 /* Meal.swift */; };
		644CC57829C29932001ADC49 /* AppConstants.swift in Sources */ = {isa = PBXBuildFile; fileRef = 644CC57729C29932001ADC49 /* AppConstants.swift */; };
		644CC57A29C29A8B001ADC49 /* MealsResponse.swift in Sources */ = {isa = PBXBuildFile; fileRef = 644CC57929C29A8B001ADC49 /* MealsResponse.swift */; };
		64C2FB0129C5397200D33F3D /* FakeMealsAPI.swift in Sources */ = {isa = PBXBuildFile; fileRef = 64C2FB0029C5397200D33F3D /* FakeMealsAPI.swift */; };
		64C2FB0329C541C900D33F3D /* NetworkError.swift in Sources */ = {isa = PBXBuildFile; fileRef = 64C2FB0229C541C900D33F3D /* NetworkError.swift */; };
		64C2FB0629C5444E00D33F3D /* LaunchingView.swift in Sources */ = {isa = PBXBuildFile; fileRef = 64C2FB0529C5444E00D33F3D /* LaunchingView.swift */; };
		64C2FB0929C5447500D33F3D /* FullscreenView.swift in Sources */ = {isa = PBXBuildFile; fileRef = 64C2FB0829C5447500D33F3D /* FullscreenView.swift */; };
		64C2FB0C29C544B300D33F3D /* MealListView.swift in Sources */ = {isa = PBXBuildFile; fileRef = 64C2FB0B29C544B300D33F3D /* MealListView.swift */; };
		64C2FBBF29C66F1100D33F3D /* OfflineStoreUserDefaults.swift in Sources */ = {isa = PBXBuildFile; fileRef = 64C2FBBE29C66F1100D33F3D /* OfflineStoreUserDefaults.swift */; };
		64C2FBC229C6811700D33F3D /* meals.json in Resources */ = {isa = PBXBuildFile; fileRef = 64C2FBC129C6809A00D33F3D /* meals.json */; };
		64C2FBC429C69C8E00D33F3D /* ListContentView.swift in Sources */ = {isa = PBXBuildFile; fileRef = 64C2FBC329C69C8E00D33F3D /* ListContentView.swift */; };
		64C2FBC629C69CED00D33F3D /* MealDetailView.swift in Sources */ = {isa = PBXBuildFile; fileRef = 64C2FBC529C69CED00D33F3D /* MealDetailView.swift */; };
		64C2FBC829C69E5F00D33F3D /* RemoteImage.swift in Sources */ = {isa = PBXBuildFile; fileRef = 64C2FBC729C69E5F00D33F3D /* RemoteImage.swift */; };
		64C2FBCA29C6A1DB00D33F3D /* DetailContentView.swift in Sources */ = {isa = PBXBuildFile; fileRef = 64C2FBC929C6A1DB00D33F3D /* DetailContentView.swift */; };
		64C2FBCC29C6A3A500D33F3D /* MealRow.swift in Sources */ = {isa = PBXBuildFile; fileRef = 64C2FBCB29C6A3A500D33F3D /* MealRow.swift */; };
		64C2FBD729C6BB7F00D33F3D /* FakeMealsStore.swift in Sources */ = {isa = PBXBuildFile; fileRef = 64C2FBD529C6BB7E00D33F3D /* FakeMealsStore.swift */; };
		64C2FBD829C6BB7F00D33F3D /* MealsStore.swift in Sources */ = {isa = PBXBuildFile; fileRef = 64C2FBD629C6BB7F00D33F3D /* MealsStore.swift */; };
/* End PBXBuildFile section */

/* Begin PBXContainerItemProxy section */
		644CC53829C28D09001ADC49 /* PBXContainerItemProxy */ = {
			isa = PBXContainerItemProxy;
			containerPortal = 644CC51F29C28D08001ADC49 /* Project object */;
			proxyType = 1;
			remoteGlobalIDString = 644CC52629C28D08001ADC49;
			remoteInfo = Yumz;
		};
		644CC54229C28D09001ADC49 /* PBXContainerItemProxy */ = {
			isa = PBXContainerItemProxy;
			containerPortal = 644CC51F29C28D08001ADC49 /* Project object */;
			proxyType = 1;
			remoteGlobalIDString = 644CC52629C28D08001ADC49;
			remoteInfo = Yumz;
		};
/* End PBXContainerItemProxy section */

/* Begin PBXFileReference section */
		274177F829C7BCCC00857311 /* MealsState.swift */ = {isa = PBXFileReference; lastKnownFileType = sourcecode.swift; path = MealsState.swift; sourceTree = "<group>"; };
		644CC52729C28D08001ADC49 /* Yumz.app */ = {isa = PBXFileReference; explicitFileType = wrapper.application; includeInIndex = 0; path = Yumz.app; sourceTree = BUILT_PRODUCTS_DIR; };
		644CC52E29C28D09001ADC49 /* Assets.xcassets */ = {isa = PBXFileReference; lastKnownFileType = folder.assetcatalog; path = Assets.xcassets; sourceTree = "<group>"; };
		644CC53129C28D09001ADC49 /* Preview Assets.xcassets */ = {isa = PBXFileReference; lastKnownFileType = folder.assetcatalog; path = "Preview Assets.xcassets"; sourceTree = "<group>"; };
		644CC53729C28D09001ADC49 /* YumzTests.xctest */ = {isa = PBXFileReference; explicitFileType = wrapper.cfbundle; includeInIndex = 0; path = YumzTests.xctest; sourceTree = BUILT_PRODUCTS_DIR; };
		644CC53B29C28D09001ADC49 /* YumzTests.swift */ = {isa = PBXFileReference; lastKnownFileType = sourcecode.swift; path = YumzTests.swift; sourceTree = "<group>"; };
		644CC54129C28D09001ADC49 /* YumzUITests.xctest */ = {isa = PBXFileReference; explicitFileType = wrapper.cfbundle; includeInIndex = 0; path = YumzUITests.xctest; sourceTree = BUILT_PRODUCTS_DIR; };
		644CC54529C28D09001ADC49 /* YumzUITests.swift */ = {isa = PBXFileReference; lastKnownFileType = sourcecode.swift; path = YumzUITests.swift; sourceTree = "<group>"; };
		644CC54729C28D09001ADC49 /* YumzUITestsLaunchTests.swift */ = {isa = PBXFileReference; lastKnownFileType = sourcecode.swift; path = YumzUITestsLaunchTests.swift; sourceTree = "<group>"; };
		644CC55B29C28E71001ADC49 /* Yumz.swift */ = {isa = PBXFileReference; lastKnownFileType = sourcecode.swift; path = Yumz.swift; sourceTree = "<group>"; };
		644CC55D29C28E9E001ADC49 /* MealsMainView.swift */ = {isa = PBXFileReference; lastKnownFileType = sourcecode.swift; path = MealsMainView.swift; sourceTree = "<group>"; };
		644CC55F29C28ED7001ADC49 /* MealsStateStore.swift */ = {isa = PBXFileReference; lastKnownFileType = sourcecode.swift; path = MealsStateStore.swift; sourceTree = "<group>"; };
		644CC56129C28F58001ADC49 /* MealsFetchDependencyContainer.swift */ = {isa = PBXFileReference; lastKnownFileType = sourcecode.swift; path = MealsFetchDependencyContainer.swift; sourceTree = "<group>"; };
		644CC56429C28FC9001ADC49 /* MealsUseCase.swift */ = {isa = PBXFileReference; lastKnownFileType = sourcecode.swift; path = MealsUseCase.swift; sourceTree = "<group>"; };
		644CC56729C290C7001ADC49 /* MealsRemoteAPI.swift */ = {isa = PBXFileReference; lastKnownFileType = sourcecode.swift; path = MealsRemoteAPI.swift; sourceTree = "<group>"; };
		644CC56C29C29198001ADC49 /* ErrorMessage.swift */ = {isa = PBXFileReference; lastKnownFileType = sourcecode.swift; path = ErrorMessage.swift; sourceTree = "<group>"; };
		644CC56F29C295DE001ADC49 /* Meal.swift */ = {isa = PBXFileReference; lastKnownFileType = sourcecode.swift; path = Meal.swift; sourceTree = "<group>"; };
		644CC57729C29932001ADC49 /* AppConstants.swift */ = {isa = PBXFileReference; lastKnownFileType = sourcecode.swift; path = AppConstants.swift; sourceTree = "<group>"; };
		644CC57929C29A8B001ADC49 /* MealsResponse.swift */ = {isa = PBXFileReference; lastKnownFileType = sourcecode.swift; path = MealsResponse.swift; sourceTree = "<group>"; };
		64C2FB0029C5397200D33F3D /* FakeMealsAPI.swift */ = {isa = PBXFileReference; lastKnownFileType = sourcecode.swift; path = FakeMealsAPI.swift; sourceTree = "<group>"; };
		64C2FB0229C541C900D33F3D /* NetworkError.swift */ = {isa = PBXFileReference; lastKnownFileType = sourcecode.swift; path = NetworkError.swift; sourceTree = "<group>"; };
		64C2FB0529C5444E00D33F3D /* LaunchingView.swift */ = {isa = PBXFileReference; lastKnownFileType = sourcecode.swift; path = LaunchingView.swift; sourceTree = "<group>"; };
		64C2FB0829C5447500D33F3D /* FullscreenView.swift */ = {isa = PBXFileReference; lastKnownFileType = sourcecode.swift; path = FullscreenView.swift; sourceTree = "<group>"; };
		64C2FB0B29C544B300D33F3D /* MealListView.swift */ = {isa = PBXFileReference; lastKnownFileType = sourcecode.swift; path = MealListView.swift; sourceTree = "<group>"; };
		64C2FBBE29C66F1100D33F3D /* OfflineStoreUserDefaults.swift */ = {isa = PBXFileReference; lastKnownFileType = sourcecode.swift; path = OfflineStoreUserDefaults.swift; sourceTree = "<group>"; };
		64C2FBC129C6809A00D33F3D /* meals.json */ = {isa = PBXFileReference; lastKnownFileType = text.json; path = meals.json; sourceTree = "<group>"; };
		64C2FBC329C69C8E00D33F3D /* ListContentView.swift */ = {isa = PBXFileReference; fileEncoding = 4; lastKnownFileType = sourcecode.swift; path = ListContentView.swift; sourceTree = "<group>"; };
		64C2FBC529C69CED00D33F3D /* MealDetailView.swift */ = {isa = PBXFileReference; lastKnownFileType = sourcecode.swift; path = MealDetailView.swift; sourceTree = "<group>"; };
		64C2FBC729C69E5F00D33F3D /* RemoteImage.swift */ = {isa = PBXFileReference; lastKnownFileType = sourcecode.swift; path = RemoteImage.swift; sourceTree = "<group>"; };
		64C2FBC929C6A1DB00D33F3D /* DetailContentView.swift */ = {isa = PBXFileReference; lastKnownFileType = sourcecode.swift; path = DetailContentView.swift; sourceTree = "<group>"; };
		64C2FBCB29C6A3A500D33F3D /* MealRow.swift */ = {isa = PBXFileReference; lastKnownFileType = sourcecode.swift; path = MealRow.swift; sourceTree = "<group>"; };
		64C2FBD529C6BB7E00D33F3D /* FakeMealsStore.swift */ = {isa = PBXFileReference; fileEncoding = 4; lastKnownFileType = sourcecode.swift; path = FakeMealsStore.swift; sourceTree = "<group>"; };
		64C2FBD629C6BB7F00D33F3D /* MealsStore.swift */ = {isa = PBXFileReference; fileEncoding = 4; lastKnownFileType = sourcecode.swift; path = MealsStore.swift; sourceTree = "<group>"; };
/* End PBXFileReference section */

/* Begin PBXFrameworksBuildPhase section */
		644CC52429C28D08001ADC49 /* Frameworks */ = {
			isa = PBXFrameworksBuildPhase;
			buildActionMask = 2147483647;
			files = (
			);
			runOnlyForDeploymentPostprocessing = 0;
		};
		644CC53429C28D09001ADC49 /* Frameworks */ = {
			isa = PBXFrameworksBuildPhase;
			buildActionMask = 2147483647;
			files = (
			);
			runOnlyForDeploymentPostprocessing = 0;
		};
		644CC53E29C28D09001ADC49 /* Frameworks */ = {
			isa = PBXFrameworksBuildPhase;
			buildActionMask = 2147483647;
			files = (
			);
			runOnlyForDeploymentPostprocessing = 0;
		};
/* End PBXFrameworksBuildPhase section */

/* Begin PBXGroup section */
		274177FA29C7BD8000857311 /* Meals */ = {
			isa = PBXGroup;
			children = (
				274177F829C7BCCC00857311 /* MealsState.swift */,
				644CC55D29C28E9E001ADC49 /* MealsMainView.swift */,
				644CC55F29C28ED7001ADC49 /* MealsStateStore.swift */,
				644CC56129C28F58001ADC49 /* MealsFetchDependencyContainer.swift */,
				644CC56429C28FC9001ADC49 /* MealsUseCase.swift */,
			);
			path = Meals;
			sourceTree = "<group>";
		};
		644CC51E29C28D08001ADC49 = {
			isa = PBXGroup;
			children = (
				644CC52929C28D08001ADC49 /* Yumz */,
				644CC53A29C28D09001ADC49 /* YumzTests */,
				644CC54429C28D09001ADC49 /* YumzUITests */,
				644CC52829C28D08001ADC49 /* Products */,
			);
			sourceTree = "<group>";
		};
		644CC52829C28D08001ADC49 /* Products */ = {
			isa = PBXGroup;
			children = (
				644CC52729C28D08001ADC49 /* Yumz.app */,
				644CC53729C28D09001ADC49 /* YumzTests.xctest */,
				644CC54129C28D09001ADC49 /* YumzUITests.xctest */,
			);
			name = Products;
			sourceTree = "<group>";
		};
		644CC52929C28D08001ADC49 /* Yumz */ = {
			isa = PBXGroup;
			children = (
				64C2FBC029C6807D00D33F3D /* JsonFile */,
				64C2FB0A29C544A700D33F3D /* Views */,
				64C2FB0729C5446600D33F3D /* ReusableViews */,
				64C2FB0429C5443F00D33F3D /* Launching */,
				644CC57629C29921001ADC49 /* Constants */,
				644CC56E29C295D4001ADC49 /* Entities */,
				644CC56B29C29186001ADC49 /* ReusableModels */,
				644CC56629C290B0001ADC49 /* Subsystems */,
				644CC56329C28FB0001ADC49 /* UseCases */,
				644CC55829C28E34001ADC49 /* App */,
				644CC52E29C28D09001ADC49 /* Assets.xcassets */,
				644CC53029C28D09001ADC49 /* Preview Content */,
			);
			path = Yumz;
			sourceTree = "<group>";
		};
		644CC53029C28D09001ADC49 /* Preview Content */ = {
			isa = PBXGroup;
			children = (
				644CC53129C28D09001ADC49 /* Preview Assets.xcassets */,
			);
			path = "Preview Content";
			sourceTree = "<group>";
		};
		644CC53A29C28D09001ADC49 /* YumzTests */ = {
			isa = PBXGroup;
			children = (
				644CC53B29C28D09001ADC49 /* YumzTests.swift */,
			);
			path = YumzTests;
			sourceTree = "<group>";
		};
		644CC54429C28D09001ADC49 /* YumzUITests */ = {
			isa = PBXGroup;
			children = (
				644CC54529C28D09001ADC49 /* YumzUITests.swift */,
				644CC54729C28D09001ADC49 /* YumzUITestsLaunchTests.swift */,
			);
			path = YumzUITests;
			sourceTree = "<group>";
		};
		644CC55829C28E34001ADC49 /* App */ = {
			isa = PBXGroup;
			children = (
				644CC55B29C28E71001ADC49 /* Yumz.swift */,
			);
			path = App;
			sourceTree = "<group>";
		};
		644CC56329C28FB0001ADC49 /* UseCases */ = {
			isa = PBXGroup;
			children = (
				274177FA29C7BD8000857311 /* Meals */,
			);
			path = UseCases;
			sourceTree = "<group>";
		};
		644CC56629C290B0001ADC49 /* Subsystems */ = {
			isa = PBXGroup;
			children = (
				64C2FBD529C6BB7E00D33F3D /* FakeMealsStore.swift */,
				64C2FBD629C6BB7F00D33F3D /* MealsStore.swift */,
				644CC56729C290C7001ADC49 /* MealsRemoteAPI.swift */,
				64C2FB0029C5397200D33F3D /* FakeMealsAPI.swift */,
				64C2FBBE29C66F1100D33F3D /* OfflineStoreUserDefaults.swift */,
				64C2FBC729C69E5F00D33F3D /* RemoteImage.swift */,
			);
			path = Subsystems;
			sourceTree = "<group>";
		};
		644CC56B29C29186001ADC49 /* ReusableModels */ = {
			isa = PBXGroup;
			children = (
				644CC56C29C29198001ADC49 /* ErrorMessage.swift */,
			);
			path = ReusableModels;
			sourceTree = "<group>";
		};
		644CC56E29C295D4001ADC49 /* Entities */ = {
			isa = PBXGroup;
			children = (
				644CC56F29C295DE001ADC49 /* Meal.swift */,
				644CC57929C29A8B001ADC49 /* MealsResponse.swift */,
				64C2FB0229C541C900D33F3D /* NetworkError.swift */,
			);
			path = Entities;
			sourceTree = "<group>";
		};
		644CC57629C29921001ADC49 /* Constants */ = {
			isa = PBXGroup;
			children = (
				644CC57729C29932001ADC49 /* AppConstants.swift */,
			);
			path = Constants;
			sourceTree = "<group>";
		};
		64C2FB0429C5443F00D33F3D /* Launching */ = {
			isa = PBXGroup;
			children = (
				64C2FB0529C5444E00D33F3D /* LaunchingView.swift */,
			);
			path = Launching;
			sourceTree = "<group>";
		};
		64C2FB0729C5446600D33F3D /* ReusableViews */ = {
			isa = PBXGroup;
			children = (
				64C2FB0829C5447500D33F3D /* FullscreenView.swift */,
			);
			path = ReusableViews;
			sourceTree = "<group>";
		};
		64C2FB0A29C544A700D33F3D /* Views */ = {
			isa = PBXGroup;
			children = (
				64C2FBC329C69C8E00D33F3D /* ListContentView.swift */,
				64C2FB0B29C544B300D33F3D /* MealListView.swift */,
				64C2FBC529C69CED00D33F3D /* MealDetailView.swift */,
				64C2FBC929C6A1DB00D33F3D /* DetailContentView.swift */,
				64C2FBCB29C6A3A500D33F3D /* MealRow.swift */,
			);
			path = Views;
			sourceTree = "<group>";
		};
		64C2FBC029C6807D00D33F3D /* JsonFile */ = {
			isa = PBXGroup;
			children = (
				64C2FBC129C6809A00D33F3D /* meals.json */,
			);
			path = JsonFile;
			sourceTree = "<group>";
		};
/* End PBXGroup section */

/* Begin PBXNativeTarget section */
		644CC52629C28D08001ADC49 /* Yumz */ = {
			isa = PBXNativeTarget;
			buildConfigurationList = 644CC54B29C28D09001ADC49 /* Build configuration list for PBXNativeTarget "Yumz" */;
			buildPhases = (
				644CC52329C28D08001ADC49 /* Sources */,
				644CC52429C28D08001ADC49 /* Frameworks */,
				644CC52529C28D08001ADC49 /* Resources */,
			);
			buildRules = (
			);
			dependencies = (
			);
			name = Yumz;
			packageProductDependencies = (
			);
			productName = Yumz;
			productReference = 644CC52729C28D08001ADC49 /* Yumz.app */;
			productType = "com.apple.product-type.application";
		};
		644CC53629C28D09001ADC49 /* YumzTests */ = {
			isa = PBXNativeTarget;
			buildConfigurationList = 644CC54E29C28D09001ADC49 /* Build configuration list for PBXNativeTarget "YumzTests" */;
			buildPhases = (
				644CC53329C28D09001ADC49 /* Sources */,
				644CC53429C28D09001ADC49 /* Frameworks */,
				644CC53529C28D09001ADC49 /* Resources */,
			);
			buildRules = (
			);
			dependencies = (
				644CC53929C28D09001ADC49 /* PBXTargetDependency */,
			);
			name = YumzTests;
			productName = YumzTests;
			productReference = 644CC53729C28D09001ADC49 /* YumzTests.xctest */;
			productType = "com.apple.product-type.bundle.unit-test";
		};
		644CC54029C28D09001ADC49 /* YumzUITests */ = {
			isa = PBXNativeTarget;
			buildConfigurationList = 644CC55129C28D09001ADC49 /* Build configuration list for PBXNativeTarget "YumzUITests" */;
			buildPhases = (
				644CC53D29C28D09001ADC49 /* Sources */,
				644CC53E29C28D09001ADC49 /* Frameworks */,
				644CC53F29C28D09001ADC49 /* Resources */,
			);
			buildRules = (
			);
			dependencies = (
				644CC54329C28D09001ADC49 /* PBXTargetDependency */,
			);
			name = YumzUITests;
			productName = YumzUITests;
			productReference = 644CC54129C28D09001ADC49 /* YumzUITests.xctest */;
			productType = "com.apple.product-type.bundle.ui-testing";
		};
/* End PBXNativeTarget section */

/* Begin PBXProject section */
		644CC51F29C28D08001ADC49 /* Project object */ = {
			isa = PBXProject;
			attributes = {
				BuildIndependentTargetsInParallel = 1;
				LastSwiftUpdateCheck = 1420;
				LastUpgradeCheck = 1420;
				TargetAttributes = {
					644CC52629C28D08001ADC49 = {
						CreatedOnToolsVersion = 14.2;
					};
					644CC53629C28D09001ADC49 = {
						CreatedOnToolsVersion = 14.2;
						TestTargetID = 644CC52629C28D08001ADC49;
					};
					644CC54029C28D09001ADC49 = {
						CreatedOnToolsVersion = 14.2;
						TestTargetID = 644CC52629C28D08001ADC49;
					};
				};
			};
			buildConfigurationList = 644CC52229C28D08001ADC49 /* Build configuration list for PBXProject "Yumz" */;
			compatibilityVersion = "Xcode 14.0";
			developmentRegion = en;
			hasScannedForEncodings = 0;
			knownRegions = (
				en,
				Base,
			);
			mainGroup = 644CC51E29C28D08001ADC49;
			packageReferences = (
			);
			productRefGroup = 644CC52829C28D08001ADC49 /* Products */;
			projectDirPath = "";
			projectRoot = "";
			targets = (
				644CC52629C28D08001ADC49 /* Yumz */,
				644CC53629C28D09001ADC49 /* YumzTests */,
				644CC54029C28D09001ADC49 /* YumzUITests */,
			);
		};
/* End PBXProject section */

/* Begin PBXResourcesBuildPhase section */
		644CC52529C28D08001ADC49 /* Resources */ = {
			isa = PBXResourcesBuildPhase;
			buildActionMask = 2147483647;
			files = (
				644CC53229C28D09001ADC49 /* Preview Assets.xcassets in Resources */,
				64C2FBC229C6811700D33F3D /* meals.json in Resources */,
				644CC52F29C28D09001ADC49 /* Assets.xcassets in Resources */,
			);
			runOnlyForDeploymentPostprocessing = 0;
		};
		644CC53529C28D09001ADC49 /* Resources */ = {
			isa = PBXResourcesBuildPhase;
			buildActionMask = 2147483647;
			files = (
			);
			runOnlyForDeploymentPostprocessing = 0;
		};
		644CC53F29C28D09001ADC49 /* Resources */ = {
			isa = PBXResourcesBuildPhase;
			buildActionMask = 2147483647;
			files = (
			);
			runOnlyForDeploymentPostprocessing = 0;
		};
/* End PBXResourcesBuildPhase section */

/* Begin PBXSourcesBuildPhase section */
		644CC52329C28D08001ADC49 /* Sources */ = {
			isa = PBXSourcesBuildPhase;
			buildActionMask = 2147483647;
			files = (
				64C2FB0329C541C900D33F3D /* NetworkError.swift in Sources */,
				644CC56529C28FC9001ADC49 /* MealsUseCase.swift in Sources */,
				64C2FBBF29C66F1100D33F3D /* OfflineStoreUserDefaults.swift in Sources */,
				274177F929C7BCCC00857311 /* MealsState.swift in Sources */,
				64C2FBC829C69E5F00D33F3D /* RemoteImage.swift in Sources */,
				644CC56D29C29198001ADC49 /* ErrorMessage.swift in Sources */,
				644CC55E29C28E9E001ADC49 /* MealsMainView.swift in Sources */,
				64C2FB0C29C544B300D33F3D /* MealListView.swift in Sources */,
				64C2FBCC29C6A3A500D33F3D /* MealRow.swift in Sources */,
				644CC56829C290C7001ADC49 /* MealsRemoteAPI.swift in Sources */,
				644CC57A29C29A8B001ADC49 /* MealsResponse.swift in Sources */,
				64C2FBD829C6BB7F00D33F3D /* MealsStore.swift in Sources */,
				64C2FBC429C69C8E00D33F3D /* ListContentView.swift in Sources */,
				644CC55C29C28E71001ADC49 /* Yumz.swift in Sources */,
				64C2FB0629C5444E00D33F3D /* LaunchingView.swift in Sources */,
				644CC56029C28ED7001ADC49 /* MealsStateStore.swift in Sources */,
				644CC56229C28F58001ADC49 /* MealsFetchDependencyContainer.swift in Sources */,
				644CC57829C29932001ADC49 /* AppConstants.swift in Sources */,
				64C2FB0129C5397200D33F3D /* FakeMealsAPI.swift in Sources */,
				64C2FB0929C5447500D33F3D /* FullscreenView.swift in Sources */,
				64C2FBCA29C6A1DB00D33F3D /* DetailContentView.swift in Sources */,
				64C2FBC629C69CED00D33F3D /* MealDetailView.swift in Sources */,
				644CC57029C295DE001ADC49 /* Meal.swift in Sources */,
				64C2FBD729C6BB7F00D33F3D /* FakeMealsStore.swift in Sources */,
			);
			runOnlyForDeploymentPostprocessing = 0;
		};
		644CC53329C28D09001ADC49 /* Sources */ = {
			isa = PBXSourcesBuildPhase;
			buildActionMask = 2147483647;
			files = (
				644CC53C29C28D09001ADC49 /* YumzTests.swift in Sources */,
			);
			runOnlyForDeploymentPostprocessing = 0;
		};
		644CC53D29C28D09001ADC49 /* Sources */ = {
			isa = PBXSourcesBuildPhase;
			buildActionMask = 2147483647;
			files = (
				644CC54629C28D09001ADC49 /* YumzUITests.swift in Sources */,
				644CC54829C28D09001ADC49 /* YumzUITestsLaunchTests.swift in Sources */,
			);
			runOnlyForDeploymentPostprocessing = 0;
		};
/* End PBXSourcesBuildPhase section */

/* Begin PBXTargetDependency section */
		644CC53929C28D09001ADC49 /* PBXTargetDependency */ = {
			isa = PBXTargetDependency;
			target = 644CC52629C28D08001ADC49 /* Yumz */;
			targetProxy = 644CC53829C28D09001ADC49 /* PBXContainerItemProxy */;
		};
		644CC54329C28D09001ADC49 /* PBXTargetDependency */ = {
			isa = PBXTargetDependency;
			target = 644CC52629C28D08001ADC49 /* Yumz */;
			targetProxy = 644CC54229C28D09001ADC49 /* PBXContainerItemProxy */;
		};
/* End PBXTargetDependency section */

/* Begin XCBuildConfiguration section */
		644CC54929C28D09001ADC49 /* Debug */ = {
			isa = XCBuildConfiguration;
			buildSettings = {
				ALWAYS_SEARCH_USER_PATHS = NO;
				CLANG_ANALYZER_NONNULL = YES;
				CLANG_ANALYZER_NUMBER_OBJECT_CONVERSION = YES_AGGRESSIVE;
				CLANG_CXX_LANGUAGE_STANDARD = "gnu++20";
				CLANG_ENABLE_MODULES = YES;
				CLANG_ENABLE_OBJC_ARC = YES;
				CLANG_ENABLE_OBJC_WEAK = YES;
				CLANG_WARN_BLOCK_CAPTURE_AUTORELEASING = YES;
				CLANG_WARN_BOOL_CONVERSION = YES;
				CLANG_WARN_COMMA = YES;
				CLANG_WARN_CONSTANT_CONVERSION = YES;
				CLANG_WARN_DEPRECATED_OBJC_IMPLEMENTATIONS = YES;
				CLANG_WARN_DIRECT_OBJC_ISA_USAGE = YES_ERROR;
				CLANG_WARN_DOCUMENTATION_COMMENTS = YES;
				CLANG_WARN_EMPTY_BODY = YES;
				CLANG_WARN_ENUM_CONVERSION = YES;
				CLANG_WARN_INFINITE_RECURSION = YES;
				CLANG_WARN_INT_CONVERSION = YES;
				CLANG_WARN_NON_LITERAL_NULL_CONVERSION = YES;
				CLANG_WARN_OBJC_IMPLICIT_RETAIN_SELF = YES;
				CLANG_WARN_OBJC_LITERAL_CONVERSION = YES;
				CLANG_WARN_OBJC_ROOT_CLASS = YES_ERROR;
				CLANG_WARN_QUOTED_INCLUDE_IN_FRAMEWORK_HEADER = YES;
				CLANG_WARN_RANGE_LOOP_ANALYSIS = YES;
				CLANG_WARN_STRICT_PROTOTYPES = YES;
				CLANG_WARN_SUSPICIOUS_MOVE = YES;
				CLANG_WARN_UNGUARDED_AVAILABILITY = YES_AGGRESSIVE;
				CLANG_WARN_UNREACHABLE_CODE = YES;
				CLANG_WARN__DUPLICATE_METHOD_MATCH = YES;
				COPY_PHASE_STRIP = NO;
				DEBUG_INFORMATION_FORMAT = dwarf;
				ENABLE_STRICT_OBJC_MSGSEND = YES;
				ENABLE_TESTABILITY = YES;
				GCC_C_LANGUAGE_STANDARD = gnu11;
				GCC_DYNAMIC_NO_PIC = NO;
				GCC_NO_COMMON_BLOCKS = YES;
				GCC_OPTIMIZATION_LEVEL = 0;
				GCC_PREPROCESSOR_DEFINITIONS = (
					"DEBUG=1",
					"$(inherited)",
				);
				GCC_WARN_64_TO_32_BIT_CONVERSION = YES;
				GCC_WARN_ABOUT_RETURN_TYPE = YES_ERROR;
				GCC_WARN_UNDECLARED_SELECTOR = YES;
				GCC_WARN_UNINITIALIZED_AUTOS = YES_AGGRESSIVE;
				GCC_WARN_UNUSED_FUNCTION = YES;
				GCC_WARN_UNUSED_VARIABLE = YES;
				IPHONEOS_DEPLOYMENT_TARGET = 16.2;
				MTL_ENABLE_DEBUG_INFO = INCLUDE_SOURCE;
				MTL_FAST_MATH = YES;
				ONLY_ACTIVE_ARCH = YES;
				SDKROOT = iphoneos;
				SWIFT_ACTIVE_COMPILATION_CONDITIONS = DEBUG;
				SWIFT_OPTIMIZATION_LEVEL = "-Onone";
			};
			name = Debug;
		};
		644CC54A29C28D09001ADC49 /* Release */ = {
			isa = XCBuildConfiguration;
			buildSettings = {
				ALWAYS_SEARCH_USER_PATHS = NO;
				CLANG_ANALYZER_NONNULL = YES;
				CLANG_ANALYZER_NUMBER_OBJECT_CONVERSION = YES_AGGRESSIVE;
				CLANG_CXX_LANGUAGE_STANDARD = "gnu++20";
				CLANG_ENABLE_MODULES = YES;
				CLANG_ENABLE_OBJC_ARC = YES;
				CLANG_ENABLE_OBJC_WEAK = YES;
				CLANG_WARN_BLOCK_CAPTURE_AUTORELEASING = YES;
				CLANG_WARN_BOOL_CONVERSION = YES;
				CLANG_WARN_COMMA = YES;
				CLANG_WARN_CONSTANT_CONVERSION = YES;
				CLANG_WARN_DEPRECATED_OBJC_IMPLEMENTATIONS = YES;
				CLANG_WARN_DIRECT_OBJC_ISA_USAGE = YES_ERROR;
				CLANG_WARN_DOCUMENTATION_COMMENTS = YES;
				CLANG_WARN_EMPTY_BODY = YES;
				CLANG_WARN_ENUM_CONVERSION = YES;
				CLANG_WARN_INFINITE_RECURSION = YES;
				CLANG_WARN_INT_CONVERSION = YES;
				CLANG_WARN_NON_LITERAL_NULL_CONVERSION = YES;
				CLANG_WARN_OBJC_IMPLICIT_RETAIN_SELF = YES;
				CLANG_WARN_OBJC_LITERAL_CONVERSION = YES;
				CLANG_WARN_OBJC_ROOT_CLASS = YES_ERROR;
				CLANG_WARN_QUOTED_INCLUDE_IN_FRAMEWORK_HEADER = YES;
				CLANG_WARN_RANGE_LOOP_ANALYSIS = YES;
				CLANG_WARN_STRICT_PROTOTYPES = YES;
				CLANG_WARN_SUSPICIOUS_MOVE = YES;
				CLANG_WARN_UNGUARDED_AVAILABILITY = YES_AGGRESSIVE;
				CLANG_WARN_UNREACHABLE_CODE = YES;
				CLANG_WARN__DUPLICATE_METHOD_MATCH = YES;
				COPY_PHASE_STRIP = NO;
				DEBUG_INFORMATION_FORMAT = "dwarf-with-dsym";
				ENABLE_NS_ASSERTIONS = NO;
				ENABLE_STRICT_OBJC_MSGSEND = YES;
				GCC_C_LANGUAGE_STANDARD = gnu11;
				GCC_NO_COMMON_BLOCKS = YES;
				GCC_WARN_64_TO_32_BIT_CONVERSION = YES;
				GCC_WARN_ABOUT_RETURN_TYPE = YES_ERROR;
				GCC_WARN_UNDECLARED_SELECTOR = YES;
				GCC_WARN_UNINITIALIZED_AUTOS = YES_AGGRESSIVE;
				GCC_WARN_UNUSED_FUNCTION = YES;
				GCC_WARN_UNUSED_VARIABLE = YES;
				IPHONEOS_DEPLOYMENT_TARGET = 16.2;
				MTL_ENABLE_DEBUG_INFO = NO;
				MTL_FAST_MATH = YES;
				SDKROOT = iphoneos;
				SWIFT_COMPILATION_MODE = wholemodule;
				SWIFT_OPTIMIZATION_LEVEL = "-O";
				VALIDATE_PRODUCT = YES;
			};
			name = Release;
		};
		644CC54C29C28D09001ADC49 /* Debug */ = {
			isa = XCBuildConfiguration;
			buildSettings = {
				ASSETCATALOG_COMPILER_APPICON_NAME = AppIcon;
				ASSETCATALOG_COMPILER_GLOBAL_ACCENT_COLOR_NAME = AccentColor;
				CODE_SIGN_STYLE = Automatic;
				CURRENT_PROJECT_VERSION = 1;
				DEVELOPMENT_ASSET_PATHS = "\"Yumz/Preview Content\"";
				DEVELOPMENT_TEAM = NDH97745WS;
				ENABLE_PREVIEWS = YES;
				GENERATE_INFOPLIST_FILE = YES;
				INFOPLIST_KEY_UIApplicationSceneManifest_Generation = YES;
				INFOPLIST_KEY_UIApplicationSupportsIndirectInputEvents = YES;
				INFOPLIST_KEY_UILaunchScreen_Generation = YES;
				INFOPLIST_KEY_UISupportedInterfaceOrientations_iPad = "UIInterfaceOrientationPortrait UIInterfaceOrientationPortraitUpsideDown UIInterfaceOrientationLandscapeLeft UIInterfaceOrientationLandscapeRight";
				INFOPLIST_KEY_UISupportedInterfaceOrientations_iPhone = "UIInterfaceOrientationPortrait UIInterfaceOrientationLandscapeLeft UIInterfaceOrientationLandscapeRight";
				LD_RUNPATH_SEARCH_PATHS = (
					"$(inherited)",
					"@executable_path/Frameworks",
				);
				MARKETING_VERSION = 1.0;
				PRODUCT_BUNDLE_IDENTIFIER = swiftui.elements.com;
				PRODUCT_NAME = "$(TARGET_NAME)";
				SWIFT_EMIT_LOC_STRINGS = YES;
				SWIFT_VERSION = 5.0;
				TARGETED_DEVICE_FAMILY = "1,2";
			};
			name = Debug;
		};
		644CC54D29C28D09001ADC49 /* Release */ = {
			isa = XCBuildConfiguration;
			buildSettings = {
				ASSETCATALOG_COMPILER_APPICON_NAME = AppIcon;
				ASSETCATALOG_COMPILER_GLOBAL_ACCENT_COLOR_NAME = AccentColor;
				CODE_SIGN_STYLE = Automatic;
				CURRENT_PROJECT_VERSION = 1;
				DEVELOPMENT_ASSET_PATHS = "\"Yumz/Preview Content\"";
				DEVELOPMENT_TEAM = NDH97745WS;
				ENABLE_PREVIEWS = YES;
				GENERATE_INFOPLIST_FILE = YES;
				INFOPLIST_KEY_UIApplicationSceneManifest_Generation = YES;
				INFOPLIST_KEY_UIApplicationSupportsIndirectInputEvents = YES;
				INFOPLIST_KEY_UILaunchScreen_Generation = YES;
				INFOPLIST_KEY_UISupportedInterfaceOrientations_iPad = "UIInterfaceOrientationPortrait UIInterfaceOrientationPortraitUpsideDown UIInterfaceOrientationLandscapeLeft UIInterfaceOrientationLandscapeRight";
				INFOPLIST_KEY_UISupportedInterfaceOrientations_iPhone = "UIInterfaceOrientationPortrait UIInterfaceOrientationLandscapeLeft UIInterfaceOrientationLandscapeRight";
				LD_RUNPATH_SEARCH_PATHS = (
					"$(inherited)",
					"@executable_path/Frameworks",
				);
				MARKETING_VERSION = 1.0;
				PRODUCT_BUNDLE_IDENTIFIER = swiftui.elements.com;
				PRODUCT_NAME = "$(TARGET_NAME)";
				SWIFT_EMIT_LOC_STRINGS = YES;
				SWIFT_VERSION = 5.0;
				TARGETED_DEVICE_FAMILY = "1,2";
			};
			name = Release;
		};
		644CC54F29C28D09001ADC49 /* Debug */ = {
			isa = XCBuildConfiguration;
			buildSettings = {
				ALWAYS_EMBED_SWIFT_STANDARD_LIBRARIES = YES;
				BUNDLE_LOADER = "$(TEST_HOST)";
				CODE_SIGN_STYLE = Automatic;
				CURRENT_PROJECT_VERSION = 1;
				DEVELOPMENT_TEAM = FHN8RU94TU;
				GENERATE_INFOPLIST_FILE = YES;
				IPHONEOS_DEPLOYMENT_TARGET = 16.2;
				MARKETING_VERSION = 1.0;
				PRODUCT_BUNDLE_IDENTIFIER = swiftui.elements.com.YumzTests;
				PRODUCT_NAME = "$(TARGET_NAME)";
				SWIFT_EMIT_LOC_STRINGS = NO;
				SWIFT_VERSION = 5.0;
				TARGETED_DEVICE_FAMILY = "1,2";
				TEST_HOST = "$(BUILT_PRODUCTS_DIR)/Yumz.app/$(BUNDLE_EXECUTABLE_FOLDER_PATH)/Yumz";
			};
			name = Debug;
		};
		644CC55029C28D09001ADC49 /* Release */ = {
			isa = XCBuildConfiguration;
			buildSettings = {
				ALWAYS_EMBED_SWIFT_STANDARD_LIBRARIES = YES;
				BUNDLE_LOADER = "$(TEST_HOST)";
				CODE_SIGN_STYLE = Automatic;
				CURRENT_PROJECT_VERSION = 1;
				DEVELOPMENT_TEAM = FHN8RU94TU;
				GENERATE_INFOPLIST_FILE = YES;
				IPHONEOS_DEPLOYMENT_TARGET = 16.2;
				MARKETING_VERSION = 1.0;
				PRODUCT_BUNDLE_IDENTIFIER = swiftui.elements.com.YumzTests;
				PRODUCT_NAME = "$(TARGET_NAME)";
				SWIFT_EMIT_LOC_STRINGS = NO;
				SWIFT_VERSION = 5.0;
				TARGETED_DEVICE_FAMILY = "1,2";
				TEST_HOST = "$(BUILT_PRODUCTS_DIR)/Yumz.app/$(BUNDLE_EXECUTABLE_FOLDER_PATH)/Yumz";
			};
			name = Release;
		};
		644CC55229C28D09001ADC49 /* Debug */ = {
			isa = XCBuildConfiguration;
			buildSettings = {
				ALWAYS_EMBED_SWIFT_STANDARD_LIBRARIES = YES;
				CODE_SIGN_STYLE = Automatic;
				CURRENT_PROJECT_VERSION = 1;
				DEVELOPMENT_TEAM = FHN8RU94TU;
				GENERATE_INFOPLIST_FILE = YES;
				MARKETING_VERSION = 1.0;
				PRODUCT_BUNDLE_IDENTIFIER = swiftui.elements.com.YumzUITests;
				PRODUCT_NAME = "$(TARGET_NAME)";
				SWIFT_EMIT_LOC_STRINGS = NO;
				SWIFT_VERSION = 5.0;
				TARGETED_DEVICE_FAMILY = "1,2";
				TEST_TARGET_NAME = Yumz;
			};
			name = Debug;
		};
		644CC55329C28D09001ADC49 /* Release */ = {
			isa = XCBuildConfiguration;
			buildSettings = {
				ALWAYS_EMBED_SWIFT_STANDARD_LIBRARIES = YES;
				CODE_SIGN_STYLE = Automatic;
				CURRENT_PROJECT_VERSION = 1;
				DEVELOPMENT_TEAM = FHN8RU94TU;
				GENERATE_INFOPLIST_FILE = YES;
				MARKETING_VERSION = 1.0;
				PRODUCT_BUNDLE_IDENTIFIER = swiftui.elements.com.YumzUITests;
				PRODUCT_NAME = "$(TARGET_NAME)";
				SWIFT_EMIT_LOC_STRINGS = NO;
				SWIFT_VERSION = 5.0;
				TARGETED_DEVICE_FAMILY = "1,2";
				TEST_TARGET_NAME = Yumz;
			};
			name = Release;
		};
/* End XCBuildConfiguration section */

/* Begin XCConfigurationList section */
		644CC52229C28D08001ADC49 /* Build configuration list for PBXProject "Yumz" */ = {
			isa = XCConfigurationList;
			buildConfigurations = (
				644CC54929C28D09001ADC49 /* Debug */,
				644CC54A29C28D09001ADC49 /* Release */,
			);
			defaultConfigurationIsVisible = 0;
			defaultConfigurationName = Release;
		};
		644CC54B29C28D09001ADC49 /* Build configuration list for PBXNativeTarget "Yumz" */ = {
			isa = XCConfigurationList;
			buildConfigurations = (
				644CC54C29C28D09001ADC49 /* Debug */,
				644CC54D29C28D09001ADC49 /* Release */,
			);
			defaultConfigurationIsVisible = 0;
			defaultConfigurationName = Release;
		};
		644CC54E29C28D09001ADC49 /* Build configuration list for PBXNativeTarget "YumzTests" */ = {
			isa = XCConfigurationList;
			buildConfigurations = (
				644CC54F29C28D09001ADC49 /* Debug */,
				644CC55029C28D09001ADC49 /* Release */,
			);
			defaultConfigurationIsVisible = 0;
			defaultConfigurationName = Release;
		};
		644CC55129C28D09001ADC49 /* Build configuration list for PBXNativeTarget "YumzUITests" */ = {
			isa = XCConfigurationList;
			buildConfigurations = (
				644CC55229C28D09001ADC49 /* Debug */,
				644CC55329C28D09001ADC49 /* Release */,
			);
			defaultConfigurationIsVisible = 0;
			defaultConfigurationName = Release;
		};
/* End XCConfigurationList section */
	};
	rootObject = 644CC51F29C28D08001ADC49 /* Project object */;
}
